
Microsoft Visual Studio Solution File, Format Version 12.00
# Visual Studio Version 16
VisualStudioVersion = 16.0.31702.278
MinimumVisualStudioVersion = 10.0.40219.1
Project("{9A19103F-16F7-4668-BE54-9A1E7A4F7556}") = "ImageScreeningSystem", "ImageScreeningSystem.csproj", "{3EB2B522-C437-43BF-9837-6EE3400E0D22}"
EndProject
Global
	GlobalSection(SolutionConfigurationPlatforms) = preSolution
		Debug|Any CPU = Debug|Any CPU
		Release|Any CPU = Release|Any CPU
	EndGlobalSection
	GlobalSection(ProjectConfigurationPlatforms) = postSolution
		{3EB2B522-C437-43BF-9837-6EE3400E0D22}.Debug|Any CPU.ActiveCfg = Debug|Any CPU
		{3EB2B522-C437-43BF-9837-6EE3400E0D22}.Debug|Any CPU.Build.0 = Debug|Any CPU
		{3EB2B522-C437-43BF-9837-6EE3400E0D22}.Release|Any CPU.ActiveCfg = Release|Any CPU
		{3EB2B522-C437-43BF-9837-6EE3400E0D22}.Release|Any CPU.Build.0 = Release|Any CPU
	EndGlobalSection
	GlobalSection(SolutionProperties) = preSolution
		HideSolutionNode = FALSE
	EndGlobalSection
	GlobalSection(ExtensibilityGlobals) = postSolution
		SolutionGuid = {21769B06-86A2-4834-A947-183D10659CE9}
	EndGlobalSection
EndGlobal
